{
  "name": "grand-simulation",
  "version": "1.0.0",
  "lockfileVersion": 3,
  "requires": true,
  "packages": {
    "": {
      "name": "grand-simulation",
      "version": "1.0.0",
      "license": "ISC",
      "dependencies": {
        "@axiomatic-design/color": "file:axiomatic-design-color-0.1.0.tgz"
      }
    },
    "node_modules/@axiomatic-design/color": {
      "version": "0.1.0",
      "resolved": "file:axiomatic-design-color-0.1.0.tgz",
      "integrity": "sha512-LC3IV9/mbTi4SW+rG5NFbQoSwCLngoRmsIix3CrfmQWU982QDkE1lk2dRb7ICCUdfczcD+IzTLhIDZSTrMkX2w==",
      "license": "MIT",
      "dependencies": {
        "apca-w3": "^0.1.9",
        "culori": "^4.0.2",
        "typescript": "^5.9.3"
      },
      "bin": {
        "axiomatic": "dist/cli/index.js"
      },
      "engines": {
        "node": "^24.0.0"
      }
    },
    "node_modules/apca-w3": {
      "version": "0.1.9",
      "resolved": "https://registry.npmjs.org/apca-w3/-/apca-w3-0.1.9.tgz",
      "integrity": "sha512-Zrf6AeBeQjNe/fxK7U1jCo5zfdjDl6T4/kdw5Xlky3G7u+EJTZkyItjMYQGtwf9pkftsINxcYyOpuLkzKf1ITQ==",
      "license": "Limited W3 License",
      "dependencies": {
        "colorparsley": "^0.1.8"
      }
    },
    "node_modules/colorparsley": {
      "version": "0.1.8",
      "resolved": "https://registry.npmjs.org/colorparsley/-/colorparsley-0.1.8.tgz",
      "integrity": "sha512-rObESTTTE6G5qO5WFwFxWPggpw4KfpxnLC6Ssl8bITBnNVRhDsyCeTRAUxWQNVTx2pRknKlO2nddYTxjkdNFaw==",
      "license": "AGPL v3"
    },
    "node_modules/culori": {
      "version": "4.0.2",
      "resolved": "https://registry.npmjs.org/culori/-/culori-4.0.2.tgz",
      "integrity": "sha512-1+BhOB8ahCn4O0cep0Sh2l9KCOfOdY+BXJnKMHFFzDEouSr/el18QwXEMRlOj9UY5nCeA8UN3a/82rUWRBeyBw==",
      "license": "MIT",
      "engines": {
        "node": "^12.20.0 || ^14.13.1 || >=16.0.0"
      }
    },
    "node_modules/typescript": {
      "version": "5.9.3",
      "resolved": "https://registry.npmjs.org/typescript/-/typescript-5.9.3.tgz",
      "integrity": "sha512-jl1vZzPDinLr9eUt3J/t7V6FgNEw9QjvBPdysz9KfQDD41fQrC2Y4vKQdiaUpFT4bXlb1RHhLpp8wtm6M5TgSw==",
      "license": "Apache-2.0",
      "bin": {
        "tsc": "bin/tsc",
        "tsserver": "bin/tsserver"
      },
      "engines": {
        "node": ">=14.17"
      }
    }
  }
}
